github.com/A1fa017/golang/mathmod v0.0.0-20230125120707-82eb517c16fc h1:TqODOklsWQFIDsddg2nudWNHaMXbREnqJlzbTds654c=
github.com/A1fa017/golang/mathmod v0.0.0-20230125120707-82eb517c16fc/go.mod h1:FBxrEGtVK/1SrT0uGEK8GTRT1J5fjxc6KocJU0AXe4Y=
github.com/A1fa017/golang/mathmod v0.0.0-20230125122149-0b02c70caeb7 h1:9eirfGns06DhsCd5CvSiIdyZJ/TmOr/Ouafsj8XWy0E=
github.com/A1fa017/golang/mathmod v0.0.0-20230125122149-0b02c70caeb7/go.mod h1:FBxrEGtVK/1SrT0uGEK8GTRT1J5fjxc6KocJU0AXe4Y=
